
Microsoft Visual Studio Solution File, Format Version 12.00
# Visual Studio 15
VisualStudioVersion = 15.0.27703.2018
MinimumVisualStudioVersion = 10.0.40219.1
Project("{8BC9CEB8-8B4A-11D0-8D11-00A0C91BC942}") = "TicTacToe", "TicTacToe.vcxproj", "{3C3BBBD1-CC74-47B5-B5A1-3033D9F2484C}"
EndProject
Global
	GlobalSection(SolutionConfigurationPlatforms) = preSolution
		Debug|x64 = Debug|x64
		Debug|x86 = Debug|x86
		Release|x64 = Release|x64
		Release|x86 = Release|x86
	EndGlobalSection
	GlobalSection(ProjectConfigurationPlatforms) = postSolution
		{3C3BBBD1-CC74-47B5-B5A1-3033D9F2484C}.Debug|x64.ActiveCfg = Debug|x64
		{3C3BBBD1-CC74-47B5-B5A1-3033D9F2484C}.Debug|x64.Build.0 = Debug|x64
		{3C3BBBD1-CC74-47B5-B5A1-3033D9F2484C}.Debug|x86.ActiveCfg = Debug|Win32
		{3C3BBBD1-CC74-47B5-B5A1-3033D9F2484C}.Debug|x86.Build.0 = Debug|Win32
		{3C3BBBD1-CC74-47B5-B5A1-3033D9F2484C}.Release|x64.ActiveCfg = Release|x64
		{3C3BBBD1-CC74-47B5-B5A1-3033D9F2484C}.Release|x64.Build.0 = Release|x64
		{3C3BBBD1-CC74-47B5-B5A1-3033D9F2484C}.Release|x86.ActiveCfg = Release|Win32
		{3C3BBBD1-CC74-47B5-B5A1-3033D9F2484C}.Release|x86.Build.0 = Release|Win32
	EndGlobalSection
	GlobalSection(SolutionProperties) = preSolution
		HideSolutionNode = FALSE
	EndGlobalSection
	GlobalSection(ExtensibilityGlobals) = postSolution
		SolutionGuid = {CDB6A57C-CA45-4488-B858-49B2B9B71065}
	EndGlobalSection
EndGlobal
